
Microsoft Visual Studio Solution File, Format Version 12.00
Project("{FAE04EC0-301F-11D3-BF4B-00C04F79EFBC}") = "GymManagementSystem.Domain", "Src\GymManagementSystem.Domain\GymManagementSystem.Domain.csproj", "{1A86689E-A32D-4A90-A837-FB41FC177828}"
EndProject
Project("{FAE04EC0-301F-11D3-BF4B-00C04F79EFBC}") = "GymManagementSystem.Application", "Src\GymManagementSystem.Application\GymManagementSystem.Application.csproj", "{E37ED83A-EDA3-45FD-A09A-65DCD33F057E}"
EndProject
Project("{FAE04EC0-301F-11D3-BF4B-00C04F79EFBC}") = "GymManagementSystem.Application.Contracts", "Src\GymManagementSystem.Application.Contracts\GymManagementSystem.Application.Contracts.csproj", "{6812BA7E-3687-4464-9103-6F1B2E9DD0C4}"
EndProject
Project("{FAE04EC0-301F-11D3-BF4B-00C04F79EFBC}") = "GymManagementSystem.EntityFrameWorkCore", "Src\GymManagementSystem.EntityFrameWorkCore\GymManagementSystem.EntityFrameWorkCore.csproj", "{274CB9DE-5957-4810-BC95-7E1FEF4CA78F}"
EndProject
Project("{FAE04EC0-301F-11D3-BF4B-00C04F79EFBC}") = "GymManagementSystem.Shared", "Src\GymManagementSystem.Shared\GymManagementSystem.Shared.csproj", "{622D7C0A-0A69-4920-A13E-A3F17F504D29}"
EndProject
Project("{FAE04EC0-301F-11D3-BF4B-00C04F79EFBC}") = "GymManagementSystem.WebApi", "Src\GymManagementSystem.WebApi\GymManagementSystem.WebApi.csproj", "{D082A14B-E595-4B5C-92A8-01DCDE4B5A11}"
EndProject
Project("{FAE04EC0-301F-11D3-BF4B-00C04F79EFBC}") = "GymManagementSystem.Domain.Tests", "Tests\GymManagementSystem.Domain.Tests\GymManagementSystem.Domain.Tests.csproj", "{76EBF98F-F8F5-4A00-A1B3-0AB69E070B88}"
EndProject
Project("{FAE04EC0-301F-11D3-BF4B-00C04F79EFBC}") = "GymManagementSystem.Application.Tests", "Tests\GymManagementSystem.Application.Tests\GymManagementSystem.Application.Tests.csproj", "{4C05D132-BA7C-4195-B2DC-E1BA9E97DE67}"
EndProject
Project("{2150E333-8FDC-42A3-9474-1A3956D46DE8}") = "Src", "Src", "{1A24F622-3AAF-461F-8168-8579948F1A48}"
EndProject
Project("{2150E333-8FDC-42A3-9474-1A3956D46DE8}") = "Tests", "Tests", "{8D54FC27-8126-4792-98DA-96CDD060032F}"
EndProject
Global
	GlobalSection(SolutionConfigurationPlatforms) = preSolution
		Debug|Any CPU = Debug|Any CPU
		Release|Any CPU = Release|Any CPU
	EndGlobalSection
	GlobalSection(ProjectConfigurationPlatforms) = postSolution
		{1A86689E-A32D-4A90-A837-FB41FC177828}.Debug|Any CPU.ActiveCfg = Debug|Any CPU
		{1A86689E-A32D-4A90-A837-FB41FC177828}.Debug|Any CPU.Build.0 = Debug|Any CPU
		{1A86689E-A32D-4A90-A837-FB41FC177828}.Release|Any CPU.ActiveCfg = Release|Any CPU
		{1A86689E-A32D-4A90-A837-FB41FC177828}.Release|Any CPU.Build.0 = Release|Any CPU
		{E37ED83A-EDA3-45FD-A09A-65DCD33F057E}.Debug|Any CPU.ActiveCfg = Debug|Any CPU
		{E37ED83A-EDA3-45FD-A09A-65DCD33F057E}.Debug|Any CPU.Build.0 = Debug|Any CPU
		{E37ED83A-EDA3-45FD-A09A-65DCD33F057E}.Release|Any CPU.ActiveCfg = Release|Any CPU
		{E37ED83A-EDA3-45FD-A09A-65DCD33F057E}.Release|Any CPU.Build.0 = Release|Any CPU
		{6812BA7E-3687-4464-9103-6F1B2E9DD0C4}.Debug|Any CPU.ActiveCfg = Debug|Any CPU
		{6812BA7E-3687-4464-9103-6F1B2E9DD0C4}.Debug|Any CPU.Build.0 = Debug|Any CPU
		{6812BA7E-3687-4464-9103-6F1B2E9DD0C4}.Release|Any CPU.ActiveCfg = Release|Any CPU
		{6812BA7E-3687-4464-9103-6F1B2E9DD0C4}.Release|Any CPU.Build.0 = Release|Any CPU
		{274CB9DE-5957-4810-BC95-7E1FEF4CA78F}.Debug|Any CPU.ActiveCfg = Debug|Any CPU
		{274CB9DE-5957-4810-BC95-7E1FEF4CA78F}.Debug|Any CPU.Build.0 = Debug|Any CPU
		{274CB9DE-5957-4810-BC95-7E1FEF4CA78F}.Release|Any CPU.ActiveCfg = Release|Any CPU
		{274CB9DE-5957-4810-BC95-7E1FEF4CA78F}.Release|Any CPU.Build.0 = Release|Any CPU
		{622D7C0A-0A69-4920-A13E-A3F17F504D29}.Debug|Any CPU.ActiveCfg = Debug|Any CPU
		{622D7C0A-0A69-4920-A13E-A3F17F504D29}.Debug|Any CPU.Build.0 = Debug|Any CPU
		{622D7C0A-0A69-4920-A13E-A3F17F504D29}.Release|Any CPU.ActiveCfg = Release|Any CPU
		{622D7C0A-0A69-4920-A13E-A3F17F504D29}.Release|Any CPU.Build.0 = Release|Any CPU
		{D082A14B-E595-4B5C-92A8-01DCDE4B5A11}.Debug|Any CPU.ActiveCfg = Debug|Any CPU
		{D082A14B-E595-4B5C-92A8-01DCDE4B5A11}.Debug|Any CPU.Build.0 = Debug|Any CPU
		{D082A14B-E595-4B5C-92A8-01DCDE4B5A11}.Release|Any CPU.ActiveCfg = Release|Any CPU
		{D082A14B-E595-4B5C-92A8-01DCDE4B5A11}.Release|Any CPU.Build.0 = Release|Any CPU
		{76EBF98F-F8F5-4A00-A1B3-0AB69E070B88}.Debug|Any CPU.ActiveCfg = Debug|Any CPU
		{76EBF98F-F8F5-4A00-A1B3-0AB69E070B88}.Debug|Any CPU.Build.0 = Debug|Any CPU
		{76EBF98F-F8F5-4A00-A1B3-0AB69E070B88}.Release|Any CPU.ActiveCfg = Release|Any CPU
		{76EBF98F-F8F5-4A00-A1B3-0AB69E070B88}.Release|Any CPU.Build.0 = Release|Any CPU
		{4C05D132-BA7C-4195-B2DC-E1BA9E97DE67}.Debug|Any CPU.ActiveCfg = Debug|Any CPU
		{4C05D132-BA7C-4195-B2DC-E1BA9E97DE67}.Debug|Any CPU.Build.0 = Debug|Any CPU
		{4C05D132-BA7C-4195-B2DC-E1BA9E97DE67}.Release|Any CPU.ActiveCfg = Release|Any CPU
		{4C05D132-BA7C-4195-B2DC-E1BA9E97DE67}.Release|Any CPU.Build.0 = Release|Any CPU
	EndGlobalSection
	GlobalSection(NestedProjects) = preSolution
		{1A86689E-A32D-4A90-A837-FB41FC177828} = {1A24F622-3AAF-461F-8168-8579948F1A48}
		{E37ED83A-EDA3-45FD-A09A-65DCD33F057E} = {1A24F622-3AAF-461F-8168-8579948F1A48}
		{6812BA7E-3687-4464-9103-6F1B2E9DD0C4} = {1A24F622-3AAF-461F-8168-8579948F1A48}
		{274CB9DE-5957-4810-BC95-7E1FEF4CA78F} = {1A24F622-3AAF-461F-8168-8579948F1A48}
		{622D7C0A-0A69-4920-A13E-A3F17F504D29} = {1A24F622-3AAF-461F-8168-8579948F1A48}
		{D082A14B-E595-4B5C-92A8-01DCDE4B5A11} = {1A24F622-3AAF-461F-8168-8579948F1A48}
		{4C05D132-BA7C-4195-B2DC-E1BA9E97DE67} = {8D54FC27-8126-4792-98DA-96CDD060032F}
		{76EBF98F-F8F5-4A00-A1B3-0AB69E070B88} = {8D54FC27-8126-4792-98DA-96CDD060032F}
	EndGlobalSection
EndGlobal
